// !$*UTF8*$!
{
	archiveVersion = 1;
	classes = {
	};
	objectVersion = 55;
	objects = {

/* Begin PBXBuildFile section */
		0E23255828B621C100B9592B /* FileManager+Extension.swift in Sources */ = {isa = PBXBuildFile; fileRef = 0E23255728B621C000B9592B /* FileManager+Extension.swift */; };
		0E23255B28B6230300B9592B /* SearchImageViewController.swift in Sources */ = {isa = PBXBuildFile; fileRef = 0E23255A28B6230300B9592B /* SearchImageViewController.swift */; };
		0E23255D28B6234900B9592B /* ImageSearchView.swift in Sources */ = {isa = PBXBuildFile; fileRef = 0E23255C28B6234900B9592B /* ImageSearchView.swift */; };
		0E23256028B623A400B9592B /* ReusableProtocol.swift in Sources */ = {isa = PBXBuildFile; fileRef = 0E23255F28B623A400B9592B /* ReusableProtocol.swift */; };
		0E23256328B6260900B9592B /* BaseViewController.swift in Sources */ = {isa = PBXBuildFile; fileRef = 0E23256228B6260900B9592B /* BaseViewController.swift */; };
		0E23256528B6261A00B9592B /* BaseView.swift in Sources */ = {isa = PBXBuildFile; fileRef = 0E23256428B6261A00B9592B /* BaseView.swift */; };
		0E23256728B6264E00B9592B /* BaseCollectionViewCell.swift in Sources */ = {isa = PBXBuildFile; fileRef = 0E23256628B6264E00B9592B /* BaseCollectionViewCell.swift */; };
		0E23256928B6265D00B9592B /* BaseTableViewCell.swift in Sources */ = {isa = PBXBuildFile; fileRef = 0E23256828B6265D00B9592B /* BaseTableViewCell.swift */; };
		0E23256C28B6267D00B9592B /* Color.swift in Sources */ = {isa = PBXBuildFile; fileRef = 0E23256B28B6267D00B9592B /* Color.swift */; };
		0E23256E28B626B200B9592B /* Constants.swift in Sources */ = {isa = PBXBuildFile; fileRef = 0E23256D28B626B200B9592B /* Constants.swift */; };
		0E23257028B627A900B9592B /* ImageDummyData.swift in Sources */ = {isa = PBXBuildFile; fileRef = 0E23256F28B627A900B9592B /* ImageDummyData.swift */; };
		0E23257228B6280100B9592B /* ImageSearchCollectionViewCell.swift in Sources */ = {isa = PBXBuildFile; fileRef = 0E23257128B6280100B9592B /* ImageSearchCollectionViewCell.swift */; };
		0E23257428B6288700B9592B /* Transition+Extension.swift in Sources */ = {isa = PBXBuildFile; fileRef = 0E23257328B6288700B9592B /* Transition+Extension.swift */; };
		0E23258728B66C0D00B9592B /* UnsplashPhotoPicker in Frameworks */ = {isa = PBXBuildFile; productRef = 0E23258628B66C0D00B9592B /* UnsplashPhotoPicker */; };
		0E23258928B66C2F00B9592B /* .gitignore in Resources */ = {isa = PBXBuildFile; fileRef = 0E23258828B66C2F00B9592B /* .gitignore */; };
		0E23258C28B66C6800B9592B /* APIKey.swift in Sources */ = {isa = PBXBuildFile; fileRef = 0E23258B28B66C6800B9592B /* APIKey.swift */; };
		0E23258F28B693B600B9592B /* UIImageView+Extension.swift in Sources */ = {isa = PBXBuildFile; fileRef = 0E23258E28B693B600B9592B /* UIImageView+Extension.swift */; };
		0E23259228B6AA0600B9592B /* BackUpViewController.swift in Sources */ = {isa = PBXBuildFile; fileRef = 0E23259128B6AA0600B9592B /* BackUpViewController.swift */; };
		0E23259428B6AA2000B9592B /* BackUpView.swift in Sources */ = {isa = PBXBuildFile; fileRef = 0E23259328B6AA2000B9592B /* BackUpView.swift */; };
		0E23259628B6AA8300B9592B /* BackUpTableViewCell.swift in Sources */ = {isa = PBXBuildFile; fileRef = 0E23259528B6AA8300B9592B /* BackUpTableViewCell.swift */; };
		0E3160C82888E79500DAA4D7 /* TrendTableViewController.swift in Sources */ = {isa = PBXBuildFile; fileRef = 0E3160C72888E79500DAA4D7 /* TrendTableViewController.swift */; };
		0E37F70528B7016B00519350 /* Zip in Frameworks */ = {isa = PBXBuildFile; productRef = 0E37F70428B7016B00519350 /* Zip */; };
		0E78E9D228B3779700AD2B4E /* Realm in Frameworks */ = {isa = PBXBuildFile; productRef = 0E78E9D128B3779700AD2B4E /* Realm */; };
		0E78E9D428B3779700AD2B4E /* RealmSwift in Frameworks */ = {isa = PBXBuildFile; productRef = 0E78E9D328B3779700AD2B4E /* RealmSwift */; };
		0E78E9D728B3780A00AD2B4E /* RealmModel.swift in Sources */ = {isa = PBXBuildFile; fileRef = 0E78E9D628B3780A00AD2B4E /* RealmModel.swift */; };
		0E78E9DA28B37D1E00AD2B4E /* SnapKit in Frameworks */ = {isa = PBXBuildFile; productRef = 0E78E9D928B37D1E00AD2B4E /* SnapKit */; };
		0E94D63928B4E44300113A46 /* ShoppingListDetailViewController.swift in Sources */ = {isa = PBXBuildFile; fileRef = 0E94D63828B4E44200113A46 /* ShoppingListDetailViewController.swift */; };
		0EC419A62884DE1000009E39 /* AppDelegate.swift in Sources */ = {isa = PBXBuildFile; fileRef = 0EC419A52884DE1000009E39 /* AppDelegate.swift */; };
		0EC419A82884DE1000009E39 /* SceneDelegate.swift in Sources */ = {isa = PBXBuildFile; fileRef = 0EC419A72884DE1000009E39 /* SceneDelegate.swift */; };
		0EC419AA2884DE1000009E39 /* ViewController.swift in Sources */ = {isa = PBXBuildFile; fileRef = 0EC419A92884DE1000009E39 /* ViewController.swift */; };
		0EC419AD2884DE1000009E39 /* Main.storyboard in Resources */ = {isa = PBXBuildFile; fileRef = 0EC419AB2884DE1000009E39 /* Main.storyboard */; };
		0EC419AF2884DE1200009E39 /* Assets.xcassets in Resources */ = {isa = PBXBuildFile; fileRef = 0EC419AE2884DE1200009E39 /* Assets.xcassets */; };
		0EC419B22884DE1200009E39 /* LaunchScreen.storyboard in Resources */ = {isa = PBXBuildFile; fileRef = 0EC419B02884DE1200009E39 /* LaunchScreen.storyboard */; };
		0EC419BA2884F11600009E39 /* Home.storyboard in Resources */ = {isa = PBXBuildFile; fileRef = 0EC419B92884F11600009E39 /* Home.storyboard */; };
		0EC419BC2884FE3C00009E39 /* SettingTableViewController.swift in Sources */ = {isa = PBXBuildFile; fileRef = 0EC419BB2884FE3B00009E39 /* SettingTableViewController.swift */; };
		0EC419BE2885444400009E39 /* Setting.storyboard in Resources */ = {isa = PBXBuildFile; fileRef = 0EC419BD2885444300009E39 /* Setting.storyboard */; };
		0EC419C22885536D00009E39 /* SettingAsTaskTableViewController.swift in Sources */ = {isa = PBXBuildFile; fileRef = 0EC419C12885536D00009E39 /* SettingAsTaskTableViewController.swift */; };
		0EE604EF2886405100CC0CE2 /* TrendSetting.storyboard in Resources */ = {isa = PBXBuildFile; fileRef = 0EE604EE2886405100CC0CE2 /* TrendSetting.storyboard */; };
		0EE604F12886406000CC0CE2 /* TrendSearch.storyboard in Resources */ = {isa = PBXBuildFile; fileRef = 0EE604F02886406000CC0CE2 /* TrendSearch.storyboard */; };
		0EE604F32886406A00CC0CE2 /* Trend.storyboard in Resources */ = {isa = PBXBuildFile; fileRef = 0EE604F22886406A00CC0CE2 /* Trend.storyboard */; };
		0EE604F52886407B00CC0CE2 /* Intro.storyboard in Resources */ = {isa = PBXBuildFile; fileRef = 0EE604F42886407B00CC0CE2 /* Intro.storyboard */; };
		0EE604F9288640B600CC0CE2 /* TrendSettingTableViewController.swift in Sources */ = {isa = PBXBuildFile; fileRef = 0EE604F8288640B600CC0CE2 /* TrendSettingTableViewController.swift */; };
		0EE604FB288643FD00CC0CE2 /* TrendViewController.swift in Sources */ = {isa = PBXBuildFile; fileRef = 0EE604FA288643FD00CC0CE2 /* TrendViewController.swift */; };
		0EE604FD2886441500CC0CE2 /* SearchViewController.swift in Sources */ = {isa = PBXBuildFile; fileRef = 0EE604FC2886441500CC0CE2 /* SearchViewController.swift */; };
		0EE604FF2886451F00CC0CE2 /* UIViewController+Extension.swift in Sources */ = {isa = PBXBuildFile; fileRef = 0EE604FE2886451F00CC0CE2 /* UIViewController+Extension.swift */; };
		0EE605012886479B00CC0CE2 /* UITextField+Extension.swift in Sources */ = {isa = PBXBuildFile; fileRef = 0EE605002886479B00CC0CE2 /* UITextField+Extension.swift */; };
		0EE6050328864B9200CC0CE2 /* BucketlistTableViewController.swift in Sources */ = {isa = PBXBuildFile; fileRef = 0EE6050228864B9200CC0CE2 /* BucketlistTableViewController.swift */; };
		0EE6050528864DA500CC0CE2 /* BucketlistTableViewCell.swift in Sources */ = {isa = PBXBuildFile; fileRef = 0EE6050428864DA500CC0CE2 /* BucketlistTableViewCell.swift */; };
		0EE6050B28868F9700CC0CE2 /* Shopping.storyboard in Resources */ = {isa = PBXBuildFile; fileRef = 0EE6050A28868F9700CC0CE2 /* Shopping.storyboard */; };
		0EE6050D28868FEA00CC0CE2 /* ShoppingTableViewCell.swift in Sources */ = {isa = PBXBuildFile; fileRef = 0EE6050C28868FEA00CC0CE2 /* ShoppingTableViewCell.swift */; };
		0EE6050F2886901900CC0CE2 /* ShoppingTableViewController.swift in Sources */ = {isa = PBXBuildFile; fileRef = 0EE6050E2886901900CC0CE2 /* ShoppingTableViewController.swift */; };
		0EE605112886AE0300CC0CE2 /* UITableViewController + extension.swift in Sources */ = {isa = PBXBuildFile; fileRef = 0EE605102886AE0300CC0CE2 /* UITableViewController + extension.swift */; };
		0EE605132886C45600CC0CE2 /* SearchTableViewController.swift in Sources */ = {isa = PBXBuildFile; fileRef = 0EE605122886C45600CC0CE2 /* SearchTableViewController.swift */; };
		0EE605152886C4B000CC0CE2 /* SearchTableViewCell.swift in Sources */ = {isa = PBXBuildFile; fileRef = 0EE605142886C4B000CC0CE2 /* SearchTableViewCell.swift */; };
		0EE6051728878CA300CC0CE2 /* Movie.swift in Sources */ = {isa = PBXBuildFile; fileRef = 0EE6051628878CA300CC0CE2 /* Movie.swift */; };
		0EE605192887953F00CC0CE2 /* MovieInfo.swift in Sources */ = {isa = PBXBuildFile; fileRef = 0EE605182887953F00CC0CE2 /* MovieInfo.swift */; };
		0EE6051B28879AAF00CC0CE2 /* RecommendCollectionViewController.swift in Sources */ = {isa = PBXBuildFile; fileRef = 0EE6051A28879AAF00CC0CE2 /* RecommendCollectionViewController.swift */; };
		0EE6051D28879E1E00CC0CE2 /* RecommendCollectionViewCell.swift in Sources */ = {isa = PBXBuildFile; fileRef = 0EE6051C28879E1D00CC0CE2 /* RecommendCollectionViewCell.swift */; };
		0EE605202887AE3500CC0CE2 /* Kingfisher in Frameworks */ = {isa = PBXBuildFile; productRef = 0EE6051F2887AE3500CC0CE2 /* Kingfisher */; };
		0EE605232887AE5F00CC0CE2 /* Toast in Frameworks */ = {isa = PBXBuildFile; productRef = 0EE605222887AE5F00CC0CE2 /* Toast */; };
/* End PBXBuildFile section */

/* Begin PBXFileReference section */
		0E23255728B621C000B9592B /* FileManager+Extension.swift */ = {isa = PBXFileReference; lastKnownFileType = sourcecode.swift; path = "FileManager+Extension.swift"; sourceTree = "<group>"; };
		0E23255A28B6230300B9592B /* SearchImageViewController.swift */ = {isa = PBXFileReference; lastKnownFileType = sourcecode.swift; path = SearchImageViewController.swift; sourceTree = "<group>"; };
		0E23255C28B6234900B9592B /* ImageSearchView.swift */ = {isa = PBXFileReference; lastKnownFileType = sourcecode.swift; path = ImageSearchView.swift; sourceTree = "<group>"; };
		0E23255F28B623A400B9592B /* ReusableProtocol.swift */ = {isa = PBXFileReference; lastKnownFileType = sourcecode.swift; path = ReusableProtocol.swift; sourceTree = "<group>"; };
		0E23256228B6260900B9592B /* BaseViewController.swift */ = {isa = PBXFileReference; lastKnownFileType = sourcecode.swift; path = BaseViewController.swift; sourceTree = "<group>"; };
		0E23256428B6261A00B9592B /* BaseView.swift */ = {isa = PBXFileReference; lastKnownFileType = sourcecode.swift; path = BaseView.swift; sourceTree = "<group>"; };
		0E23256628B6264E00B9592B /* BaseCollectionViewCell.swift */ = {isa = PBXFileReference; lastKnownFileType = sourcecode.swift; path = BaseCollectionViewCell.swift; sourceTree = "<group>"; };
		0E23256828B6265D00B9592B /* BaseTableViewCell.swift */ = {isa = PBXFileReference; lastKnownFileType = sourcecode.swift; path = BaseTableViewCell.swift; sourceTree = "<group>"; };
		0E23256B28B6267D00B9592B /* Color.swift */ = {isa = PBXFileReference; lastKnownFileType = sourcecode.swift; path = Color.swift; sourceTree = "<group>"; };
		0E23256D28B626B200B9592B /* Constants.swift */ = {isa = PBXFileReference; lastKnownFileType = sourcecode.swift; path = Constants.swift; sourceTree = "<group>"; };
		0E23256F28B627A900B9592B /* ImageDummyData.swift */ = {isa = PBXFileReference; lastKnownFileType = sourcecode.swift; path = ImageDummyData.swift; sourceTree = "<group>"; };
		0E23257128B6280100B9592B /* ImageSearchCollectionViewCell.swift */ = {isa = PBXFileReference; lastKnownFileType = sourcecode.swift; path = ImageSearchCollectionViewCell.swift; sourceTree = "<group>"; };
		0E23257328B6288700B9592B /* Transition+Extension.swift */ = {isa = PBXFileReference; lastKnownFileType = sourcecode.swift; path = "Transition+Extension.swift"; sourceTree = "<group>"; };
		0E23258828B66C2F00B9592B /* .gitignore */ = {isa = PBXFileReference; lastKnownFileType = text; path = .gitignore; sourceTree = "<group>"; };
		0E23258B28B66C6800B9592B /* APIKey.swift */ = {isa = PBXFileReference; lastKnownFileType = sourcecode.swift; path = APIKey.swift; sourceTree = "<group>"; };
		0E23258E28B693B600B9592B /* UIImageView+Extension.swift */ = {isa = PBXFileReference; lastKnownFileType = sourcecode.swift; path = "UIImageView+Extension.swift"; sourceTree = "<group>"; };
		0E23259128B6AA0600B9592B /* BackUpViewController.swift */ = {isa = PBXFileReference; lastKnownFileType = sourcecode.swift; path = BackUpViewController.swift; sourceTree = "<group>"; };
		0E23259328B6AA2000B9592B /* BackUpView.swift */ = {isa = PBXFileReference; lastKnownFileType = sourcecode.swift; path = BackUpView.swift; sourceTree = "<group>"; };
		0E23259528B6AA8300B9592B /* BackUpTableViewCell.swift */ = {isa = PBXFileReference; lastKnownFileType = sourcecode.swift; path = BackUpTableViewCell.swift; sourceTree = "<group>"; };
		0E3160C72888E79500DAA4D7 /* TrendTableViewController.swift */ = {isa = PBXFileReference; lastKnownFileType = sourcecode.swift; path = TrendTableViewController.swift; sourceTree = "<group>"; };
		0E78E9D628B3780A00AD2B4E /* RealmModel.swift */ = {isa = PBXFileReference; lastKnownFileType = sourcecode.swift; path = RealmModel.swift; sourceTree = "<group>"; };
		0E94D63828B4E44200113A46 /* ShoppingListDetailViewController.swift */ = {isa = PBXFileReference; lastKnownFileType = sourcecode.swift; path = ShoppingListDetailViewController.swift; sourceTree = "<group>"; };
		0EC419A22884DE1000009E39 /* SeSAC3TrendMedia.app */ = {isa = PBXFileReference; explicitFileType = wrapper.application; includeInIndex = 0; path = SeSAC3TrendMedia.app; sourceTree = BUILT_PRODUCTS_DIR; };
		0EC419A52884DE1000009E39 /* AppDelegate.swift */ = {isa = PBXFileReference; lastKnownFileType = sourcecode.swift; path = AppDelegate.swift; sourceTree = "<group>"; };
		0EC419A72884DE1000009E39 /* SceneDelegate.swift */ = {isa = PBXFileReference; lastKnownFileType = sourcecode.swift; path = SceneDelegate.swift; sourceTree = "<group>"; };
		0EC419A92884DE1000009E39 /* ViewController.swift */ = {isa = PBXFileReference; lastKnownFileType = sourcecode.swift; path = ViewController.swift; sourceTree = "<group>"; };
		0EC419AC2884DE1000009E39 /* Base */ = {isa = PBXFileReference; lastKnownFileType = file.storyboard; name = Base; path = Base.lproj/Main.storyboard; sourceTree = "<group>"; };
		0EC419AE2884DE1200009E39 /* Assets.xcassets */ = {isa = PBXFileReference; lastKnownFileType = folder.assetcatalog; path = Assets.xcassets; sourceTree = "<group>"; };
		0EC419B12884DE1200009E39 /* Base */ = {isa = PBXFileReference; lastKnownFileType = file.storyboard; name = Base; path = Base.lproj/LaunchScreen.storyboard; sourceTree = "<group>"; };
		0EC419B32884DE1200009E39 /* Info.plist */ = {isa = PBXFileReference; lastKnownFileType = text.plist.xml; path = Info.plist; sourceTree = "<group>"; };
		0EC419B92884F11600009E39 /* Home.storyboard */ = {isa = PBXFileReference; lastKnownFileType = file.storyboard; path = Home.storyboard; sourceTree = "<group>"; };
		0EC419BB2884FE3B00009E39 /* SettingTableViewController.swift */ = {isa = PBXFileReference; lastKnownFileType = sourcecode.swift; path = SettingTableViewController.swift; sourceTree = "<group>"; };
		0EC419BD2885444300009E39 /* Setting.storyboard */ = {isa = PBXFileReference; lastKnownFileType = file.storyboard; path = Setting.storyboard; sourceTree = "<group>"; };
		0EC419C12885536D00009E39 /* SettingAsTaskTableViewController.swift */ = {isa = PBXFileReference; lastKnownFileType = sourcecode.swift; path = SettingAsTaskTableViewController.swift; sourceTree = "<group>"; };
		0EE604EE2886405100CC0CE2 /* TrendSetting.storyboard */ = {isa = PBXFileReference; lastKnownFileType = file.storyboard; path = TrendSetting.storyboard; sourceTree = "<group>"; };
		0EE604F02886406000CC0CE2 /* TrendSearch.storyboard */ = {isa = PBXFileReference; lastKnownFileType = file.storyboard; path = TrendSearch.storyboard; sourceTree = "<group>"; };
		0EE604F22886406A00CC0CE2 /* Trend.storyboard */ = {isa = PBXFileReference; lastKnownFileType = file.storyboard; path = Trend.storyboard; sourceTree = "<group>"; };
		0EE604F42886407B00CC0CE2 /* Intro.storyboard */ = {isa = PBXFileReference; lastKnownFileType = file.storyboard; path = Intro.storyboard; sourceTree = "<group>"; };
		0EE604F8288640B600CC0CE2 /* TrendSettingTableViewController.swift */ = {isa = PBXFileReference; lastKnownFileType = sourcecode.swift; path = TrendSettingTableViewController.swift; sourceTree = "<group>"; };
		0EE604FA288643FD00CC0CE2 /* TrendViewController.swift */ = {isa = PBXFileReference; lastKnownFileType = sourcecode.swift; path = TrendViewController.swift; sourceTree = "<group>"; };
		0EE604FC2886441500CC0CE2 /* SearchViewController.swift */ = {isa = PBXFileReference; lastKnownFileType = sourcecode.swift; path = SearchViewController.swift; sourceTree = "<group>"; };
		0EE604FE2886451F00CC0CE2 /* UIViewController+Extension.swift */ = {isa = PBXFileReference; lastKnownFileType = sourcecode.swift; path = "UIViewController+Extension.swift"; sourceTree = "<group>"; };
		0EE605002886479B00CC0CE2 /* UITextField+Extension.swift */ = {isa = PBXFileReference; lastKnownFileType = sourcecode.swift; path = "UITextField+Extension.swift"; sourceTree = "<group>"; };
		0EE6050228864B9200CC0CE2 /* BucketlistTableViewController.swift */ = {isa = PBXFileReference; lastKnownFileType = sourcecode.swift; path = BucketlistTableViewController.swift; sourceTree = "<group>"; };
		0EE6050428864DA500CC0CE2 /* BucketlistTableViewCell.swift */ = {isa = PBXFileReference; lastKnownFileType = sourcecode.swift; path = BucketlistTableViewCell.swift; sourceTree = "<group>"; };
		0EE6050A28868F9700CC0CE2 /* Shopping.storyboard */ = {isa = PBXFileReference; lastKnownFileType = file.storyboard; path = Shopping.storyboard; sourceTree = "<group>"; };
		0EE6050C28868FEA00CC0CE2 /* ShoppingTableViewCell.swift */ = {isa = PBXFileReference; lastKnownFileType = sourcecode.swift; path = ShoppingTableViewCell.swift; sourceTree = "<group>"; };
		0EE6050E2886901900CC0CE2 /* ShoppingTableViewController.swift */ = {isa = PBXFileReference; lastKnownFileType = sourcecode.swift; path = ShoppingTableViewController.swift; sourceTree = "<group>"; };
		0EE605102886AE0300CC0CE2 /* UITableViewController + extension.swift */ = {isa = PBXFileReference; lastKnownFileType = sourcecode.swift; path = "UITableViewController + extension.swift"; sourceTree = "<group>"; };
		0EE605122886C45600CC0CE2 /* SearchTableViewController.swift */ = {isa = PBXFileReference; lastKnownFileType = sourcecode.swift; path = SearchTableViewController.swift; sourceTree = "<group>"; };
		0EE605142886C4B000CC0CE2 /* SearchTableViewCell.swift */ = {isa = PBXFileReference; lastKnownFileType = sourcecode.swift; path = SearchTableViewCell.swift; sourceTree = "<group>"; };
		0EE6051628878CA300CC0CE2 /* Movie.swift */ = {isa = PBXFileReference; lastKnownFileType = sourcecode.swift; path = Movie.swift; sourceTree = "<group>"; };
		0EE605182887953F00CC0CE2 /* MovieInfo.swift */ = {isa = PBXFileReference; fileEncoding = 4; lastKnownFileType = sourcecode.swift; path = MovieInfo.swift; sourceTree = "<group>"; };
		0EE6051A28879AAF00CC0CE2 /* RecommendCollectionViewController.swift */ = {isa = PBXFileReference; lastKnownFileType = sourcecode.swift; path = RecommendCollectionViewController.swift; sourceTree = "<group>"; };
		0EE6051C28879E1D00CC0CE2 /* RecommendCollectionViewCell.swift */ = {isa = PBXFileReference; lastKnownFileType = sourcecode.swift; path = RecommendCollectionViewCell.swift; sourceTree = "<group>"; };
/* End PBXFileReference section */

/* Begin PBXFrameworksBuildPhase section */
		0EC4199F2884DE1000009E39 /* Frameworks */ = {
			isa = PBXFrameworksBuildPhase;
			buildActionMask = 2147483647;
			files = (
				0E37F70528B7016B00519350 /* Zip in Frameworks */,
				0E78E9D428B3779700AD2B4E /* RealmSwift in Frameworks */,
				0E78E9D228B3779700AD2B4E /* Realm in Frameworks */,
				0EE605232887AE5F00CC0CE2 /* Toast in Frameworks */,
				0E23258728B66C0D00B9592B /* UnsplashPhotoPicker in Frameworks */,
				0EE605202887AE3500CC0CE2 /* Kingfisher in Frameworks */,
				0E78E9DA28B37D1E00AD2B4E /* SnapKit in Frameworks */,
			);
			runOnlyForDeploymentPostprocessing = 0;
		};
/* End PBXFrameworksBuildPhase section */

/* Begin PBXGroup section */
		0E23255928B622A500B9592B /* ImageSearching */ = {
			isa = PBXGroup;
			children = (
				0E23255A28B6230300B9592B /* SearchImageViewController.swift */,
				0E23255C28B6234900B9592B /* ImageSearchView.swift */,
				0E23257128B6280100B9592B /* ImageSearchCollectionViewCell.swift */,
				0E23256F28B627A900B9592B /* ImageDummyData.swift */,
			);
			path = ImageSearching;
			sourceTree = "<group>";
		};
		0E23255E28B6239100B9592B /* Utility */ = {
			isa = PBXGroup;
			children = (
				0E23256A28B6267300B9592B /* Constants */,
				0E23256128B625F800B9592B /* BaseView */,
				0E23255F28B623A400B9592B /* ReusableProtocol.swift */,
			);
			path = Utility;
			sourceTree = "<group>";
		};
		0E23256128B625F800B9592B /* BaseView */ = {
			isa = PBXGroup;
			children = (
				0E23256228B6260900B9592B /* BaseViewController.swift */,
				0E23256428B6261A00B9592B /* BaseView.swift */,
				0E23256628B6264E00B9592B /* BaseCollectionViewCell.swift */,
				0E23256828B6265D00B9592B /* BaseTableViewCell.swift */,
			);
			path = BaseView;
			sourceTree = "<group>";
		};
		0E23256A28B6267300B9592B /* Constants */ = {
			isa = PBXGroup;
			children = (
				0E23256B28B6267D00B9592B /* Color.swift */,
				0E23256D28B626B200B9592B /* Constants.swift */,
			);
			path = Constants;
			sourceTree = "<group>";
		};
		0E23258A28B66C4F00B9592B /* Key */ = {
			isa = PBXGroup;
			children = (
				0E23258B28B66C6800B9592B /* APIKey.swift */,
			);
			path = Key;
			sourceTree = "<group>";
		};
		0E23259028B6A9CF00B9592B /* Backup */ = {
			isa = PBXGroup;
			children = (
				0E23259128B6AA0600B9592B /* BackUpViewController.swift */,
				0E23259328B6AA2000B9592B /* BackUpView.swift */,
				0E23259528B6AA8300B9592B /* BackUpTableViewCell.swift */,
			);
			path = Backup;
			sourceTree = "<group>";
		};
		0E78E9D528B377D500AD2B4E /* Realm */ = {
			isa = PBXGroup;
			children = (
				0E78E9D628B3780A00AD2B4E /* RealmModel.swift */,
			);
			path = Realm;
			sourceTree = "<group>";
		};
		0EC419992884DE1000009E39 = {
			isa = PBXGroup;
			children = (
				0E23258828B66C2F00B9592B /* .gitignore */,
				0EC419A42884DE1000009E39 /* SeSAC3TrendMedia */,
				0EC419A32884DE1000009E39 /* Products */,
			);
			sourceTree = "<group>";
		};
		0EC419A32884DE1000009E39 /* Products */ = {
			isa = PBXGroup;
			children = (
				0EC419A22884DE1000009E39 /* SeSAC3TrendMedia.app */,
			);
			name = Products;
			sourceTree = "<group>";
		};
		0EC419A42884DE1000009E39 /* SeSAC3TrendMedia */ = {
			isa = PBXGroup;
			children = (
				0E23258A28B66C4F00B9592B /* Key */,
				0E23255E28B6239100B9592B /* Utility */,
				0EE60506288665C200CC0CE2 /* extensions */,
				0E78E9D528B377D500AD2B4E /* Realm */,
				0EE6050928868F7500CC0CE2 /* Shopping */,
				0EE604ED2886402600CC0CE2 /* TrendMedia */,
				0EC419A52884DE1000009E39 /* AppDelegate.swift */,
				0EC419A72884DE1000009E39 /* SceneDelegate.swift */,
				0EC419A92884DE1000009E39 /* ViewController.swift */,
				0EC419AB2884DE1000009E39 /* Main.storyboard */,
				0EC419B92884F11600009E39 /* Home.storyboard */,
				0EC419BD2885444300009E39 /* Setting.storyboard */,
				0EC419BB2884FE3B00009E39 /* SettingTableViewController.swift */,
				0EC419C12885536D00009E39 /* SettingAsTaskTableViewController.swift */,
				0EC419AE2884DE1200009E39 /* Assets.xcassets */,
				0EC419B02884DE1200009E39 /* LaunchScreen.storyboard */,
				0EC419B32884DE1200009E39 /* Info.plist */,
			);
			path = SeSAC3TrendMedia;
			sourceTree = "<group>";
		};
		0EE604ED2886402600CC0CE2 /* TrendMedia */ = {
			isa = PBXGroup;
			children = (
				0EE6050428864DA500CC0CE2 /* BucketlistTableViewCell.swift */,
				0EE605182887953F00CC0CE2 /* MovieInfo.swift */,
				0EE60507288665E100CC0CE2 /* storyboard */,
				0EE60508288665FE00CC0CE2 /* Controllers */,
			);
			path = TrendMedia;
			sourceTree = "<group>";
		};
		0EE60506288665C200CC0CE2 /* extensions */ = {
			isa = PBXGroup;
			children = (
				0EE605002886479B00CC0CE2 /* UITextField+Extension.swift */,
				0EE604FE2886451F00CC0CE2 /* UIViewController+Extension.swift */,
				0EE605102886AE0300CC0CE2 /* UITableViewController + extension.swift */,
				0E23255728B621C000B9592B /* FileManager+Extension.swift */,
				0E23257328B6288700B9592B /* Transition+Extension.swift */,
				0E23258E28B693B600B9592B /* UIImageView+Extension.swift */,
			);
			path = extensions;
			sourceTree = "<group>";
		};
		0EE60507288665E100CC0CE2 /* storyboard */ = {
			isa = PBXGroup;
			children = (
				0EE604F42886407B00CC0CE2 /* Intro.storyboard */,
				0EE604F22886406A00CC0CE2 /* Trend.storyboard */,
				0E3160C72888E79500DAA4D7 /* TrendTableViewController.swift */,
				0EE604EE2886405100CC0CE2 /* TrendSetting.storyboard */,
				0EE604F02886406000CC0CE2 /* TrendSearch.storyboard */,
			);
			path = storyboard;
			sourceTree = "<group>";
		};
		0EE60508288665FE00CC0CE2 /* Controllers */ = {
			isa = PBXGroup;
			children = (
				0EE6051A28879AAF00CC0CE2 /* RecommendCollectionViewController.swift */,
				0EE6051C28879E1D00CC0CE2 /* RecommendCollectionViewCell.swift */,
				0EE6050228864B9200CC0CE2 /* BucketlistTableViewController.swift */,
				0EE604FA288643FD00CC0CE2 /* TrendViewController.swift */,
				0EE604F8288640B600CC0CE2 /* TrendSettingTableViewController.swift */,
				0EE604FC2886441500CC0CE2 /* SearchViewController.swift */,
				0EE605122886C45600CC0CE2 /* SearchTableViewController.swift */,
				0EE605142886C4B000CC0CE2 /* SearchTableViewCell.swift */,
				0EE6051628878CA300CC0CE2 /* Movie.swift */,
			);
			path = Controllers;
			sourceTree = "<group>";
		};
		0EE6050928868F7500CC0CE2 /* Shopping */ = {
			isa = PBXGroup;
			children = (
				0EE6050A28868F9700CC0CE2 /* Shopping.storyboard */,
				0EE6050E2886901900CC0CE2 /* ShoppingTableViewController.swift */,
				0EE6050C28868FEA00CC0CE2 /* ShoppingTableViewCell.swift */,
				0E94D63828B4E44200113A46 /* ShoppingListDetailViewController.swift */,
				0E23259028B6A9CF00B9592B /* Backup */,
				0E23255928B622A500B9592B /* ImageSearching */,
			);
			path = Shopping;
			sourceTree = "<group>";
		};
/* End PBXGroup section */

/* Begin PBXNativeTarget section */
		0EC419A12884DE1000009E39 /* SeSAC3TrendMedia */ = {
			isa = PBXNativeTarget;
			buildConfigurationList = 0EC419B62884DE1200009E39 /* Build configuration list for PBXNativeTarget "SeSAC3TrendMedia" */;
			buildPhases = (
				0EC4199E2884DE1000009E39 /* Sources */,
				0EC4199F2884DE1000009E39 /* Frameworks */,
				0EC419A02884DE1000009E39 /* Resources */,
			);
			buildRules = (
			);
			dependencies = (
			);
			name = SeSAC3TrendMedia;
			packageProductDependencies = (
				0EE6051F2887AE3500CC0CE2 /* Kingfisher */,
				0EE605222887AE5F00CC0CE2 /* Toast */,
				0E78E9D128B3779700AD2B4E /* Realm */,
				0E78E9D328B3779700AD2B4E /* RealmSwift */,
				0E78E9D928B37D1E00AD2B4E /* SnapKit */,
				0E23258628B66C0D00B9592B /* UnsplashPhotoPicker */,
				0E37F70428B7016B00519350 /* Zip */,
			);
			productName = SeSAC3TrendMedia;
			productReference = 0EC419A22884DE1000009E39 /* SeSAC3TrendMedia.app */;
			productType = "com.apple.product-type.application";
		};
/* End PBXNativeTarget section */

/* Begin PBXProject section */
		0EC4199A2884DE1000009E39 /* Project object */ = {
			isa = PBXProject;
			attributes = {
				BuildIndependentTargetsInParallel = 1;
				LastSwiftUpdateCheck = 1340;
				LastUpgradeCheck = 1340;
				TargetAttributes = {
					0EC419A12884DE1000009E39 = {
						CreatedOnToolsVersion = 13.4.1;
					};
				};
			};
			buildConfigurationList = 0EC4199D2884DE1000009E39 /* Build configuration list for PBXProject "SeSAC3TrendMedia" */;
			compatibilityVersion = "Xcode 13.0";
			developmentRegion = en;
			hasScannedForEncodings = 0;
			knownRegions = (
				en,
				Base,
			);
			mainGroup = 0EC419992884DE1000009E39;
			packageReferences = (
				0EE6051E2887AE3500CC0CE2 /* XCRemoteSwiftPackageReference "Kingfisher" */,
				0EE605212887AE5F00CC0CE2 /* XCRemoteSwiftPackageReference "Toast-Swift" */,
				0E78E9D028B3779600AD2B4E /* XCRemoteSwiftPackageReference "realm-swift" */,
				0E78E9D828B37D1E00AD2B4E /* XCRemoteSwiftPackageReference "SnapKit" */,
				0E23258528B66C0D00B9592B /* XCRemoteSwiftPackageReference "unsplash-photopicker-ios" */,
				0E37F70328B7016B00519350 /* XCRemoteSwiftPackageReference "Zip" */,
			);
			productRefGroup = 0EC419A32884DE1000009E39 /* Products */;
			projectDirPath = "";
			projectRoot = "";
			targets = (
				0EC419A12884DE1000009E39 /* SeSAC3TrendMedia */,
			);
		};
/* End PBXProject section */

/* Begin PBXResourcesBuildPhase section */
		0EC419A02884DE1000009E39 /* Resources */ = {
			isa = PBXResourcesBuildPhase;
			buildActionMask = 2147483647;
			files = (
				0EC419B22884DE1200009E39 /* LaunchScreen.storyboard in Resources */,
				0EC419AF2884DE1200009E39 /* Assets.xcassets in Resources */,
				0EE604F52886407B00CC0CE2 /* Intro.storyboard in Resources */,
				0EC419BE2885444400009E39 /* Setting.storyboard in Resources */,
				0E23258928B66C2F00B9592B /* .gitignore in Resources */,
				0EE604F12886406000CC0CE2 /* TrendSearch.storyboard in Resources */,
				0EE604F32886406A00CC0CE2 /* Trend.storyboard in Resources */,
				0EE604EF2886405100CC0CE2 /* TrendSetting.storyboard in Resources */,
				0EC419AD2884DE1000009E39 /* Main.storyboard in Resources */,
				0EE6050B28868F9700CC0CE2 /* Shopping.storyboard in Resources */,
				0EC419BA2884F11600009E39 /* Home.storyboard in Resources */,
			);
			runOnlyForDeploymentPostprocessing = 0;
		};
/* End PBXResourcesBuildPhase section */

/* Begin PBXSourcesBuildPhase section */
		0EC4199E2884DE1000009E39 /* Sources */ = {
			isa = PBXSourcesBuildPhase;
			buildActionMask = 2147483647;
			files = (
				0EE604FB288643FD00CC0CE2 /* TrendViewController.swift in Sources */,
				0E23256E28B626B200B9592B /* Constants.swift in Sources */,
				0EE605192887953F00CC0CE2 /* MovieInfo.swift in Sources */,
				0E23256C28B6267D00B9592B /* Color.swift in Sources */,
				0EE6050D28868FEA00CC0CE2 /* ShoppingTableViewCell.swift in Sources */,
				0EE6051728878CA300CC0CE2 /* Movie.swift in Sources */,
				0EE604F9288640B600CC0CE2 /* TrendSettingTableViewController.swift in Sources */,
				0EE6051D28879E1E00CC0CE2 /* RecommendCollectionViewCell.swift in Sources */,
				0EE604FD2886441500CC0CE2 /* SearchViewController.swift in Sources */,
				0EC419BC2884FE3C00009E39 /* SettingTableViewController.swift in Sources */,
				0E23257428B6288700B9592B /* Transition+Extension.swift in Sources */,
				0E23257228B6280100B9592B /* ImageSearchCollectionViewCell.swift in Sources */,
				0EE6051B28879AAF00CC0CE2 /* RecommendCollectionViewController.swift in Sources */,
				0E3160C82888E79500DAA4D7 /* TrendTableViewController.swift in Sources */,
				0EE6050528864DA500CC0CE2 /* BucketlistTableViewCell.swift in Sources */,
				0E23258F28B693B600B9592B /* UIImageView+Extension.swift in Sources */,
				0E23255828B621C100B9592B /* FileManager+Extension.swift in Sources */,
				0EC419C22885536D00009E39 /* SettingAsTaskTableViewController.swift in Sources */,
				0E23259228B6AA0600B9592B /* BackUpViewController.swift in Sources */,
				0E23259428B6AA2000B9592B /* BackUpView.swift in Sources */,
				0E23257028B627A900B9592B /* ImageDummyData.swift in Sources */,
				0EE605132886C45600CC0CE2 /* SearchTableViewController.swift in Sources */,
				0EE605012886479B00CC0CE2 /* UITextField+Extension.swift in Sources */,
				0E23258C28B66C6800B9592B /* APIKey.swift in Sources */,
				0EE605112886AE0300CC0CE2 /* UITableViewController + extension.swift in Sources */,
				0E23259628B6AA8300B9592B /* BackUpTableViewCell.swift in Sources */,
				0E23256928B6265D00B9592B /* BaseTableViewCell.swift in Sources */,
				0EE6050328864B9200CC0CE2 /* BucketlistTableViewController.swift in Sources */,
				0EE605152886C4B000CC0CE2 /* SearchTableViewCell.swift in Sources */,
				0EC419AA2884DE1000009E39 /* ViewController.swift in Sources */,
				0EC419A62884DE1000009E39 /* AppDelegate.swift in Sources */,
				0EE604FF2886451F00CC0CE2 /* UIViewController+Extension.swift in Sources */,
				0EC419A82884DE1000009E39 /* SceneDelegate.swift in Sources */,
				0E23256028B623A400B9592B /* ReusableProtocol.swift in Sources */,
				0E23255B28B6230300B9592B /* SearchImageViewController.swift in Sources */,
				0E23256728B6264E00B9592B /* BaseCollectionViewCell.swift in Sources */,
				0EE6050F2886901900CC0CE2 /* ShoppingTableViewController.swift in Sources */,
				0E78E9D728B3780A00AD2B4E /* RealmModel.swift in Sources */,
				0E94D63928B4E44300113A46 /* ShoppingListDetailViewController.swift in Sources */,
				0E23256528B6261A00B9592B /* BaseView.swift in Sources */,
				0E23255D28B6234900B9592B /* ImageSearchView.swift in Sources */,
				0E23256328B6260900B9592B /* BaseViewController.swift in Sources */,
			);
			runOnlyForDeploymentPostprocessing = 0;
		};
/* End PBXSourcesBuildPhase section */

/* Begin PBXVariantGroup section */
		0EC419AB2884DE1000009E39 /* Main.storyboard */ = {
			isa = PBXVariantGroup;
			children = (
				0EC419AC2884DE1000009E39 /* Base */,
			);
			name = Main.storyboard;
			sourceTree = "<group>";
		};
		0EC419B02884DE1200009E39 /* LaunchScreen.storyboard */ = {
			isa = PBXVariantGroup;
			children = (
				0EC419B12884DE1200009E39 /* Base */,
			);
			name = LaunchScreen.storyboard;
			sourceTree = "<group>";
		};
/* End PBXVariantGroup section */

/* Begin XCBuildConfiguration section */
		0EC419B42884DE1200009E39 /* Debug */ = {
			isa = XCBuildConfiguration;
			buildSettings = {
				ALWAYS_SEARCH_USER_PATHS = NO;
				CLANG_ANALYZER_NONNULL = YES;
				CLANG_ANALYZER_NUMBER_OBJECT_CONVERSION = YES_AGGRESSIVE;
				CLANG_CXX_LANGUAGE_STANDARD = "gnu++17";
				CLANG_ENABLE_MODULES = YES;
				CLANG_ENABLE_OBJC_ARC = YES;
				CLANG_ENABLE_OBJC_WEAK = YES;
				CLANG_WARN_BLOCK_CAPTURE_AUTORELEASING = YES;
				CLANG_WARN_BOOL_CONVERSION = YES;
				CLANG_WARN_COMMA = YES;
				CLANG_WARN_CONSTANT_CONVERSION = YES;
				CLANG_WARN_DEPRECATED_OBJC_IMPLEMENTATIONS = YES;
				CLANG_WARN_DIRECT_OBJC_ISA_USAGE = YES_ERROR;
				CLANG_WARN_DOCUMENTATION_COMMENTS = YES;
				CLANG_WARN_EMPTY_BODY = YES;
				CLANG_WARN_ENUM_CONVERSION = YES;
				CLANG_WARN_INFINITE_RECURSION = YES;
				CLANG_WARN_INT_CONVERSION = YES;
				CLANG_WARN_NON_LITERAL_NULL_CONVERSION = YES;
				CLANG_WARN_OBJC_IMPLICIT_RETAIN_SELF = YES;
				CLANG_WARN_OBJC_LITERAL_CONVERSION = YES;
				CLANG_WARN_OBJC_ROOT_CLASS = YES_ERROR;
				CLANG_WARN_QUOTED_INCLUDE_IN_FRAMEWORK_HEADER = YES;
				CLANG_WARN_RANGE_LOOP_ANALYSIS = YES;
				CLANG_WARN_STRICT_PROTOTYPES = YES;
				CLANG_WARN_SUSPICIOUS_MOVE = YES;
				CLANG_WARN_UNGUARDED_AVAILABILITY = YES_AGGRESSIVE;
				CLANG_WARN_UNREACHABLE_CODE = YES;
				CLANG_WARN__DUPLICATE_METHOD_MATCH = YES;
				COPY_PHASE_STRIP = NO;
				DEBUG_INFORMATION_FORMAT = dwarf;
				ENABLE_STRICT_OBJC_MSGSEND = YES;
				ENABLE_TESTABILITY = YES;
				GCC_C_LANGUAGE_STANDARD = gnu11;
				GCC_DYNAMIC_NO_PIC = NO;
				GCC_NO_COMMON_BLOCKS = YES;
				GCC_OPTIMIZATION_LEVEL = 0;
				GCC_PREPROCESSOR_DEFINITIONS = (
					"DEBUG=1",
					"$(inherited)",
				);
				GCC_WARN_64_TO_32_BIT_CONVERSION = YES;
				GCC_WARN_ABOUT_RETURN_TYPE = YES_ERROR;
				GCC_WARN_UNDECLARED_SELECTOR = YES;
				GCC_WARN_UNINITIALIZED_AUTOS = YES_AGGRESSIVE;
				GCC_WARN_UNUSED_FUNCTION = YES;
				GCC_WARN_UNUSED_VARIABLE = YES;
				IPHONEOS_DEPLOYMENT_TARGET = 15.5;
				MTL_ENABLE_DEBUG_INFO = INCLUDE_SOURCE;
				MTL_FAST_MATH = YES;
				ONLY_ACTIVE_ARCH = YES;
				SDKROOT = iphoneos;
				SWIFT_ACTIVE_COMPILATION_CONDITIONS = DEBUG;
				SWIFT_OPTIMIZATION_LEVEL = "-Onone";
			};
			name = Debug;
		};
		0EC419B52884DE1200009E39 /* Release */ = {
			isa = XCBuildConfiguration;
			buildSettings = {
				ALWAYS_SEARCH_USER_PATHS = NO;
				CLANG_ANALYZER_NONNULL = YES;
				CLANG_ANALYZER_NUMBER_OBJECT_CONVERSION = YES_AGGRESSIVE;
				CLANG_CXX_LANGUAGE_STANDARD = "gnu++17";
				CLANG_ENABLE_MODULES = YES;
				CLANG_ENABLE_OBJC_ARC = YES;
				CLANG_ENABLE_OBJC_WEAK = YES;
				CLANG_WARN_BLOCK_CAPTURE_AUTORELEASING = YES;
				CLANG_WARN_BOOL_CONVERSION = YES;
				CLANG_WARN_COMMA = YES;
				CLANG_WARN_CONSTANT_CONVERSION = YES;
				CLANG_WARN_DEPRECATED_OBJC_IMPLEMENTATIONS = YES;
				CLANG_WARN_DIRECT_OBJC_ISA_USAGE = YES_ERROR;
				CLANG_WARN_DOCUMENTATION_COMMENTS = YES;
				CLANG_WARN_EMPTY_BODY = YES;
				CLANG_WARN_ENUM_CONVERSION = YES;
				CLANG_WARN_INFINITE_RECURSION = YES;
				CLANG_WARN_INT_CONVERSION = YES;
				CLANG_WARN_NON_LITERAL_NULL_CONVERSION = YES;
				CLANG_WARN_OBJC_IMPLICIT_RETAIN_SELF = YES;
				CLANG_WARN_OBJC_LITERAL_CONVERSION = YES;
				CLANG_WARN_OBJC_ROOT_CLASS = YES_ERROR;
				CLANG_WARN_QUOTED_INCLUDE_IN_FRAMEWORK_HEADER = YES;
				CLANG_WARN_RANGE_LOOP_ANALYSIS = YES;
				CLANG_WARN_STRICT_PROTOTYPES = YES;
				CLANG_WARN_SUSPICIOUS_MOVE = YES;
				CLANG_WARN_UNGUARDED_AVAILABILITY = YES_AGGRESSIVE;
				CLANG_WARN_UNREACHABLE_CODE = YES;
				CLANG_WARN__DUPLICATE_METHOD_MATCH = YES;
				COPY_PHASE_STRIP = NO;
				DEBUG_INFORMATION_FORMAT = "dwarf-with-dsym";
				ENABLE_NS_ASSERTIONS = NO;
				ENABLE_STRICT_OBJC_MSGSEND = YES;
				GCC_C_LANGUAGE_STANDARD = gnu11;
				GCC_NO_COMMON_BLOCKS = YES;
				GCC_WARN_64_TO_32_BIT_CONVERSION = YES;
				GCC_WARN_ABOUT_RETURN_TYPE = YES_ERROR;
				GCC_WARN_UNDECLARED_SELECTOR = YES;
				GCC_WARN_UNINITIALIZED_AUTOS = YES_AGGRESSIVE;
				GCC_WARN_UNUSED_FUNCTION = YES;
				GCC_WARN_UNUSED_VARIABLE = YES;
				IPHONEOS_DEPLOYMENT_TARGET = 15.5;
				MTL_ENABLE_DEBUG_INFO = NO;
				MTL_FAST_MATH = YES;
				SDKROOT = iphoneos;
				SWIFT_COMPILATION_MODE = wholemodule;
				SWIFT_OPTIMIZATION_LEVEL = "-O";
				VALIDATE_PRODUCT = YES;
			};
			name = Release;
		};
		0EC419B72884DE1200009E39 /* Debug */ = {
			isa = XCBuildConfiguration;
			buildSettings = {
				ASSETCATALOG_COMPILER_APPICON_NAME = AppIcon;
				ASSETCATALOG_COMPILER_GLOBAL_ACCENT_COLOR_NAME = AccentColor;
				CODE_SIGN_STYLE = Automatic;
				CURRENT_PROJECT_VERSION = 1;
				DEVELOPMENT_TEAM = U8U4L6FXAF;
				GENERATE_INFOPLIST_FILE = YES;
				INFOPLIST_FILE = SeSAC3TrendMedia/Info.plist;
				INFOPLIST_KEY_UIApplicationSupportsIndirectInputEvents = YES;
				INFOPLIST_KEY_UILaunchStoryboardName = LaunchScreen;
				INFOPLIST_KEY_UIMainStoryboardFile = Shopping;
				INFOPLIST_KEY_UISupportedInterfaceOrientations = UIInterfaceOrientationPortrait;
				INFOPLIST_KEY_UISupportedInterfaceOrientations_iPad = "UIInterfaceOrientationPortrait UIInterfaceOrientationPortraitUpsideDown UIInterfaceOrientationLandscapeLeft UIInterfaceOrientationLandscapeRight";
				INFOPLIST_KEY_UISupportedInterfaceOrientations_iPhone = "UIInterfaceOrientationPortrait UIInterfaceOrientationLandscapeLeft UIInterfaceOrientationLandscapeRight";
				IPHONEOS_DEPLOYMENT_TARGET = 15.0;
				LD_RUNPATH_SEARCH_PATHS = (
					"$(inherited)",
					"@executable_path/Frameworks",
				);
				MARKETING_VERSION = 1.0;
				PRODUCT_BUNDLE_IDENTIFIER = net.monica.SeSAC3TrendMedia;
				PRODUCT_NAME = "$(TARGET_NAME)";
				SWIFT_EMIT_LOC_STRINGS = YES;
				SWIFT_VERSION = 5.0;
				TARGETED_DEVICE_FAMILY = 1;
			};
			name = Debug;
		};
		0EC419B82884DE1200009E39 /* Release */ = {
			isa = XCBuildConfiguration;
			buildSettings = {
				ASSETCATALOG_COMPILER_APPICON_NAME = AppIcon;
				ASSETCATALOG_COMPILER_GLOBAL_ACCENT_COLOR_NAME = AccentColor;
				CODE_SIGN_STYLE = Automatic;
				CURRENT_PROJECT_VERSION = 1;
				DEVELOPMENT_TEAM = U8U4L6FXAF;
				GENERATE_INFOPLIST_FILE = YES;
				INFOPLIST_FILE = SeSAC3TrendMedia/Info.plist;
				INFOPLIST_KEY_UIApplicationSupportsIndirectInputEvents = YES;
				INFOPLIST_KEY_UILaunchStoryboardName = LaunchScreen;
				INFOPLIST_KEY_UIMainStoryboardFile = Shopping;
				INFOPLIST_KEY_UISupportedInterfaceOrientations = UIInterfaceOrientationPortrait;
				INFOPLIST_KEY_UISupportedInterfaceOrientations_iPad = "UIInterfaceOrientationPortrait UIInterfaceOrientationPortraitUpsideDown UIInterfaceOrientationLandscapeLeft UIInterfaceOrientationLandscapeRight";
				INFOPLIST_KEY_UISupportedInterfaceOrientations_iPhone = "UIInterfaceOrientationPortrait UIInterfaceOrientationLandscapeLeft UIInterfaceOrientationLandscapeRight";
				IPHONEOS_DEPLOYMENT_TARGET = 15.0;
				LD_RUNPATH_SEARCH_PATHS = (
					"$(inherited)",
					"@executable_path/Frameworks",
				);
				MARKETING_VERSION = 1.0;
				PRODUCT_BUNDLE_IDENTIFIER = net.monica.SeSAC3TrendMedia;
				PRODUCT_NAME = "$(TARGET_NAME)";
				SWIFT_EMIT_LOC_STRINGS = YES;
				SWIFT_VERSION = 5.0;
				TARGETED_DEVICE_FAMILY = 1;
			};
			name = Release;
		};
/* End XCBuildConfiguration section */

/* Begin XCConfigurationList section */
		0EC4199D2884DE1000009E39 /* Build configuration list for PBXProject "SeSAC3TrendMedia" */ = {
			isa = XCConfigurationList;
			buildConfigurations = (
				0EC419B42884DE1200009E39 /* Debug */,
				0EC419B52884DE1200009E39 /* Release */,
			);
			defaultConfigurationIsVisible = 0;
			defaultConfigurationName = Release;
		};
		0EC419B62884DE1200009E39 /* Build configuration list for PBXNativeTarget "SeSAC3TrendMedia" */ = {
			isa = XCConfigurationList;
			buildConfigurations = (
				0EC419B72884DE1200009E39 /* Debug */,
				0EC419B82884DE1200009E39 /* Release */,
			);
			defaultConfigurationIsVisible = 0;
			defaultConfigurationName = Release;
		};
/* End XCConfigurationList section */

/* Begin XCRemoteSwiftPackageReference section */
		0E23258528B66C0D00B9592B /* XCRemoteSwiftPackageReference "unsplash-photopicker-ios" */ = {
			isa = XCRemoteSwiftPackageReference;
			repositoryURL = "https://github.com/unsplash/unsplash-photopicker-ios.git";
			requirement = {
				kind = upToNextMajorVersion;
				minimumVersion = 1.0.0;
			};
		};
		0E37F70328B7016B00519350 /* XCRemoteSwiftPackageReference "Zip" */ = {
			isa = XCRemoteSwiftPackageReference;
			repositoryURL = "https://github.com/marmelroy/Zip";
			requirement = {
				kind = upToNextMajorVersion;
				minimumVersion = 2.0.0;
			};
		};
		0E78E9D028B3779600AD2B4E /* XCRemoteSwiftPackageReference "realm-swift" */ = {
			isa = XCRemoteSwiftPackageReference;
			repositoryURL = "https://github.com/realm/realm-swift.git";
			requirement = {
				kind = upToNextMajorVersion;
				minimumVersion = 10.0.0;
			};
		};
		0E78E9D828B37D1E00AD2B4E /* XCRemoteSwiftPackageReference "SnapKit" */ = {
			isa = XCRemoteSwiftPackageReference;
			repositoryURL = "https://github.com/SnapKit/SnapKit.git";
			requirement = {
				kind = upToNextMajorVersion;
				minimumVersion = 5.0.0;
			};
		};
		0EE6051E2887AE3500CC0CE2 /* XCRemoteSwiftPackageReference "Kingfisher" */ = {
			isa = XCRemoteSwiftPackageReference;
			repositoryURL = "https://github.com/onevcat/Kingfisher.git";
			requirement = {
				kind = upToNextMajorVersion;
				minimumVersion = 7.0.0;
			};
		};
		0EE605212887AE5F00CC0CE2 /* XCRemoteSwiftPackageReference "Toast-Swift" */ = {
			isa = XCRemoteSwiftPackageReference;
			repositoryURL = "https://github.com/scalessec/Toast-Swift";
			requirement = {
				kind = upToNextMajorVersion;
				minimumVersion = 5.0.0;
			};
		};
/* End XCRemoteSwiftPackageReference section */

/* Begin XCSwiftPackageProductDependency section */
		0E23258628B66C0D00B9592B /* UnsplashPhotoPicker */ = {
			isa = XCSwiftPackageProductDependency;
			package = 0E23258528B66C0D00B9592B /* XCRemoteSwiftPackageReference "unsplash-photopicker-ios" */;
			productName = UnsplashPhotoPicker;
		};
		0E37F70428B7016B00519350 /* Zip */ = {
			isa = XCSwiftPackageProductDependency;
			package = 0E37F70328B7016B00519350 /* XCRemoteSwiftPackageReference "Zip" */;
			productName = Zip;
		};
		0E78E9D128B3779700AD2B4E /* Realm */ = {
			isa = XCSwiftPackageProductDependency;
			package = 0E78E9D028B3779600AD2B4E /* XCRemoteSwiftPackageReference "realm-swift" */;
			productName = Realm;
		};
		0E78E9D328B3779700AD2B4E /* RealmSwift */ = {
			isa = XCSwiftPackageProductDependency;
			package = 0E78E9D028B3779600AD2B4E /* XCRemoteSwiftPackageReference "realm-swift" */;
			productName = RealmSwift;
		};
		0E78E9D928B37D1E00AD2B4E /* SnapKit */ = {
			isa = XCSwiftPackageProductDependency;
			package = 0E78E9D828B37D1E00AD2B4E /* XCRemoteSwiftPackageReference "SnapKit" */;
			productName = SnapKit;
		};
		0EE6051F2887AE3500CC0CE2 /* Kingfisher */ = {
			isa = XCSwiftPackageProductDependency;
			package = 0EE6051E2887AE3500CC0CE2 /* XCRemoteSwiftPackageReference "Kingfisher" */;
			productName = Kingfisher;
		};
		0EE605222887AE5F00CC0CE2 /* Toast */ = {
			isa = XCSwiftPackageProductDependency;
			package = 0EE605212887AE5F00CC0CE2 /* XCRemoteSwiftPackageReference "Toast-Swift" */;
			productName = Toast;
		};
/* End XCSwiftPackageProductDependency section */
	};
	rootObject = 0EC4199A2884DE1000009E39 /* Project object */;
}
